# This file was autogenerated by uv via the following command:
#    uv export --frozen --no-dev --no-emit-project --no-hashes --format requirements-txt -o benchmarks/market-scan/docker/requirements.lock
annotated-doc==0.0.4
    # via typer
annotated-types==0.8.0
    # via pydantic
colorama==0.4.6 ; sys_platform == 'win32'
    # via typer
markdown-it-py==4.2.0
    # via rich
mdurl==0.1.2
    # via markdown-it-py
pydantic==2.13.4
    # via skilltrustops
pydantic-core==2.46.4
    # via pydantic
pygments==2.20.0
    # via rich
pyyaml==6.0.3
    # via skilltrustops
rich==14.3.4
    # via
    #   skilltrustops
    #   typer
shellingham==1.5.4
    # via typer
typer==0.27.0
    # via skilltrustops
typing-extensions==4.16.0
    # via
    #   pydantic
    #   pydantic-core
    #   typing-inspection
typing-inspection==0.4.2
    # via pydantic
